uuid: f8231262-66be-4662-ab0d-4bde35b66f63
langcode: en
status: true
dependencies: {  }
_core:
  default_config_hash: fs5CDJ559OuBPJKnurSpOVFJCtAsls_xmfjkFiWrRsU
id: varbase_rich_text_block
label: 'Rich text'
revision: 1
description: 'A rich text block contains a title and a body with a rich text format.'
