uuid: 27a265ef-9038-4132-a043-56d21ed94485
langcode: en
status: true
dependencies:
  config:
    - block_content.type.varbase_media_block
  module:
    - content_translation
third_party_settings:
  content_translation:
    enabled: true
_core:
  default_config_hash: Y3gNsxc7h-SjCHH9f3SG3Q9RmbquN7FLs1EOKTcNrWk
id: block_content.varbase_media_block
target_entity_type_id: block_content
target_bundle: varbase_media_block
default_langcode: current_interface
language_alterable: true
