uuid: fe28612d-f188-43e3-a7a1-e5be4b3d272e
langcode: en
status: true
dependencies: {  }
_core:
  default_config_hash: eLQXQD9C-dMAfypJY6dNKuutwKNPhIEloGpqdo8xl40
id: varbase_html_code_block
label: 'HTML code'
revision: 1
description: 'An HTML Code block contains a title and a body with an HTML text format.'
