uuid: 316109ed-1bc8-46cc-8219-c300236594c5
langcode: en
status: true
dependencies:
  module:
    - paragraphs_library
third_party_settings:
  paragraphs_library:
    allow_library_conversion: true
_core:
  default_config_hash: nGGIwQYJAgi6Z53F8V3wZGtrrh5fTuXLLpTzqusUVvE
id: bp_block
label: 'Drupal Block'
icon_uuid: null
icon_default: null
description: ''
behavior_plugins: {  }
